
Microsoft Visual Studio Solution File, Format Version 12.00
# Visual Studio 15
VisualStudioVersion = 15.0.28307.572
MinimumVisualStudioVersion = 10.0.40219.1
Project("{FAE04EC0-301F-11D3-BF4B-00C04F79EFBC}") = "TaxiApplication", "TaxiApplication\TaxiApplication.csproj", "{9CB8D4E1-B31A-4C81-BD40-2DD32F5109E8}"
EndProject
Project("{FAE04EC0-301F-11D3-BF4B-00C04F79EFBC}") = "TaxiApplication.BusinessLogics", "TaxiApplication.BusinessLogic\TaxiApplication.BusinessLogics.csproj", "{D0BD3A84-E700-49A5-A922-055BC8161F0C}"
EndProject
Project("{FAE04EC0-301F-11D3-BF4B-00C04F79EFBC}") = "TaxiApplication.Data", "TaxiApplication.Data\TaxiApplication.Data.csproj", "{35EA7B33-2CBE-475B-AE5C-448244703D64}"
EndProject
Project("{FAE04EC0-301F-11D3-BF4B-00C04F79EFBC}") = "TaxiApplication.Models", "TaxiApplication.Models\TaxiApplication.Models.csproj", "{509455F7-BB05-4D2C-AEBB-4ECB88932CE9}"
EndProject
Project("{FAE04EC0-301F-11D3-BF4B-00C04F79EFBC}") = "TaxiApplication.Tests", "TaxiApplication.Tests\TaxiApplication.Tests.csproj", "{2903DA23-DA2A-4A8F-9BE4-3D34C47FDCAA}"
EndProject
Global
	GlobalSection(SolutionConfigurationPlatforms) = preSolution
		Debug|Any CPU = Debug|Any CPU
		Release|Any CPU = Release|Any CPU
	EndGlobalSection
	GlobalSection(ProjectConfigurationPlatforms) = postSolution
		{9CB8D4E1-B31A-4C81-BD40-2DD32F5109E8}.Debug|Any CPU.ActiveCfg = Debug|Any CPU
		{9CB8D4E1-B31A-4C81-BD40-2DD32F5109E8}.Debug|Any CPU.Build.0 = Debug|Any CPU
		{9CB8D4E1-B31A-4C81-BD40-2DD32F5109E8}.Release|Any CPU.ActiveCfg = Release|Any CPU
		{9CB8D4E1-B31A-4C81-BD40-2DD32F5109E8}.Release|Any CPU.Build.0 = Release|Any CPU
		{D0BD3A84-E700-49A5-A922-055BC8161F0C}.Debug|Any CPU.ActiveCfg = Debug|Any CPU
		{D0BD3A84-E700-49A5-A922-055BC8161F0C}.Debug|Any CPU.Build.0 = Debug|Any CPU
		{D0BD3A84-E700-49A5-A922-055BC8161F0C}.Release|Any CPU.ActiveCfg = Release|Any CPU
		{D0BD3A84-E700-49A5-A922-055BC8161F0C}.Release|Any CPU.Build.0 = Release|Any CPU
		{35EA7B33-2CBE-475B-AE5C-448244703D64}.Debug|Any CPU.ActiveCfg = Debug|Any CPU
		{35EA7B33-2CBE-475B-AE5C-448244703D64}.Debug|Any CPU.Build.0 = Debug|Any CPU
		{35EA7B33-2CBE-475B-AE5C-448244703D64}.Release|Any CPU.ActiveCfg = Release|Any CPU
		{35EA7B33-2CBE-475B-AE5C-448244703D64}.Release|Any CPU.Build.0 = Release|Any CPU
		{509455F7-BB05-4D2C-AEBB-4ECB88932CE9}.Debug|Any CPU.ActiveCfg = Debug|Any CPU
		{509455F7-BB05-4D2C-AEBB-4ECB88932CE9}.Debug|Any CPU.Build.0 = Debug|Any CPU
		{509455F7-BB05-4D2C-AEBB-4ECB88932CE9}.Release|Any CPU.ActiveCfg = Release|Any CPU
		{509455F7-BB05-4D2C-AEBB-4ECB88932CE9}.Release|Any CPU.Build.0 = Release|Any CPU
		{2903DA23-DA2A-4A8F-9BE4-3D34C47FDCAA}.Debug|Any CPU.ActiveCfg = Debug|Any CPU
		{2903DA23-DA2A-4A8F-9BE4-3D34C47FDCAA}.Debug|Any CPU.Build.0 = Debug|Any CPU
		{2903DA23-DA2A-4A8F-9BE4-3D34C47FDCAA}.Release|Any CPU.ActiveCfg = Release|Any CPU
		{2903DA23-DA2A-4A8F-9BE4-3D34C47FDCAA}.Release|Any CPU.Build.0 = Release|Any CPU
	EndGlobalSection
	GlobalSection(SolutionProperties) = preSolution
		HideSolutionNode = FALSE
	EndGlobalSection
	GlobalSection(ExtensibilityGlobals) = postSolution
		SolutionGuid = {BC9235DB-3C8B-4BCD-ABAA-2EEE063B37D8}
	EndGlobalSection
EndGlobal
